
Microsoft Visual Studio Solution File, Format Version 12.00
# Visual Studio Version 16
VisualStudioVersion = 16.0.32228.343
MinimumVisualStudioVersion = 10.0.40219.1
Project("{FAE04EC0-301F-11D3-BF4B-00C04F79EFBC}") = "TrainStation", "TrainStation\TrainStation.csproj", "{91976AAA-19B0-4EEF-B3EA-465676B1687F}"
EndProject
Global
	GlobalSection(SolutionConfigurationPlatforms) = preSolution
		Debug|Any CPU = Debug|Any CPU
		Release|Any CPU = Release|Any CPU
	EndGlobalSection
	GlobalSection(ProjectConfigurationPlatforms) = postSolution
		{91976AAA-19B0-4EEF-B3EA-465676B1687F}.Debug|Any CPU.ActiveCfg = Debug|Any CPU
		{91976AAA-19B0-4EEF-B3EA-465676B1687F}.Debug|Any CPU.Build.0 = Debug|Any CPU
		{91976AAA-19B0-4EEF-B3EA-465676B1687F}.Release|Any CPU.ActiveCfg = Release|Any CPU
		{91976AAA-19B0-4EEF-B3EA-465676B1687F}.Release|Any CPU.Build.0 = Release|Any CPU
	EndGlobalSection
	GlobalSection(SolutionProperties) = preSolution
		HideSolutionNode = FALSE
	EndGlobalSection
	GlobalSection(ExtensibilityGlobals) = postSolution
		SolutionGuid = {018C8AFE-6249-48F3-BA5D-805DF1359B73}
	EndGlobalSection
EndGlobal
